
Microsoft Visual Studio Solution File, Format Version 12.00
# Visual Studio 15
VisualStudioVersion = 15.0.27130.2036
MinimumVisualStudioVersion = 10.0.40219.1
Project("{A07B5EB6-E848-4116-A8D0-A826331D98C6}") = "Voting", "Voting\Voting.sfproj", "{258B36A0-7CEC-4230-B108-B116741C735F}"
EndProject
Project("{9A19103F-16F7-4668-BE54-9A1E7A4F7556}") = "VotingWeb", "VotingWeb\VotingWeb.csproj", "{54B02339-5465-4109-9D69-25E9A1DC5A93}"
EndProject
Project("{9A19103F-16F7-4668-BE54-9A1E7A4F7556}") = "VotingData", "VotingData\VotingData.csproj", "{5B703F51-04E5-4B5E-AD83-E564F28F36CF}"
EndProject
Global
	GlobalSection(SolutionConfigurationPlatforms) = preSolution
		Debug|Any CPU = Debug|Any CPU
		Debug|x64 = Debug|x64
		Release|Any CPU = Release|Any CPU
		Release|x64 = Release|x64
	EndGlobalSection
	GlobalSection(ProjectConfigurationPlatforms) = postSolution
		{258B36A0-7CEC-4230-B108-B116741C735F}.Debug|Any CPU.ActiveCfg = Debug|x64
		{258B36A0-7CEC-4230-B108-B116741C735F}.Debug|x64.ActiveCfg = Debug|x64
		{258B36A0-7CEC-4230-B108-B116741C735F}.Debug|x64.Build.0 = Debug|x64
		{258B36A0-7CEC-4230-B108-B116741C735F}.Debug|x64.Deploy.0 = Debug|x64
		{258B36A0-7CEC-4230-B108-B116741C735F}.Release|Any CPU.ActiveCfg = Release|x64
		{258B36A0-7CEC-4230-B108-B116741C735F}.Release|x64.ActiveCfg = Release|x64
		{258B36A0-7CEC-4230-B108-B116741C735F}.Release|x64.Build.0 = Release|x64
		{258B36A0-7CEC-4230-B108-B116741C735F}.Release|x64.Deploy.0 = Release|x64
		{54B02339-5465-4109-9D69-25E9A1DC5A93}.Debug|Any CPU.ActiveCfg = Debug|Any CPU
		{54B02339-5465-4109-9D69-25E9A1DC5A93}.Debug|Any CPU.Build.0 = Debug|Any CPU
		{54B02339-5465-4109-9D69-25E9A1DC5A93}.Debug|x64.ActiveCfg = Debug|Any CPU
		{54B02339-5465-4109-9D69-25E9A1DC5A93}.Debug|x64.Build.0 = Debug|Any CPU
		{54B02339-5465-4109-9D69-25E9A1DC5A93}.Release|Any CPU.ActiveCfg = Release|Any CPU
		{54B02339-5465-4109-9D69-25E9A1DC5A93}.Release|Any CPU.Build.0 = Release|Any CPU
		{54B02339-5465-4109-9D69-25E9A1DC5A93}.Release|x64.ActiveCfg = Release|Any CPU
		{54B02339-5465-4109-9D69-25E9A1DC5A93}.Release|x64.Build.0 = Release|Any CPU
		{5B703F51-04E5-4B5E-AD83-E564F28F36CF}.Debug|Any CPU.ActiveCfg = Debug|Any CPU
		{5B703F51-04E5-4B5E-AD83-E564F28F36CF}.Debug|Any CPU.Build.0 = Debug|Any CPU
		{5B703F51-04E5-4B5E-AD83-E564F28F36CF}.Debug|x64.ActiveCfg = Debug|Any CPU
		{5B703F51-04E5-4B5E-AD83-E564F28F36CF}.Debug|x64.Build.0 = Debug|Any CPU
		{5B703F51-04E5-4B5E-AD83-E564F28F36CF}.Release|Any CPU.ActiveCfg = Release|Any CPU
		{5B703F51-04E5-4B5E-AD83-E564F28F36CF}.Release|Any CPU.Build.0 = Release|Any CPU
		{5B703F51-04E5-4B5E-AD83-E564F28F36CF}.Release|x64.ActiveCfg = Release|Any CPU
		{5B703F51-04E5-4B5E-AD83-E564F28F36CF}.Release|x64.Build.0 = Release|Any CPU
	EndGlobalSection
	GlobalSection(SolutionProperties) = preSolution
		HideSolutionNode = FALSE
	EndGlobalSection
	GlobalSection(ExtensibilityGlobals) = postSolution
		SolutionGuid = {15A33FEF-605E-4B07-AFA1-FED3B1F4C229}
	EndGlobalSection
EndGlobal
